
Microsoft Visual Studio Solution File, Format Version 12.00
# Visual Studio 14
VisualStudioVersion = 14.0.23107.0
MinimumVisualStudioVersion = 10.0.40219.1
Project("{FAE04EC0-301F-11D3-BF4B-00C04F79EFBC}") = "PilotBuddy", "PilotBuddy\PilotBuddy.csproj", "{4D63F758-FE9C-45B8-8745-68442832D93F}"
EndProject
Project("{FAE04EC0-301F-11D3-BF4B-00C04F79EFBC}") = "UnitTestProject", "UnitTestProject\UnitTestProject.csproj", "{D4B3CEB0-A0E2-4F85-9695-263B451729B2}"
EndProject
Global
	GlobalSection(SolutionConfigurationPlatforms) = preSolution
		Debug|Any CPU = Debug|Any CPU
		Debug|ARM = Debug|ARM
		Debug|x64 = Debug|x64
		Debug|x86 = Debug|x86
		Release|Any CPU = Release|Any CPU
		Release|ARM = Release|ARM
		Release|x64 = Release|x64
		Release|x86 = Release|x86
	EndGlobalSection
	GlobalSection(ProjectConfigurationPlatforms) = postSolution
		{4D63F758-FE9C-45B8-8745-68442832D93F}.Debug|Any CPU.ActiveCfg = Debug|x86
		{4D63F758-FE9C-45B8-8745-68442832D93F}.Debug|ARM.ActiveCfg = Debug|ARM
		{4D63F758-FE9C-45B8-8745-68442832D93F}.Debug|ARM.Build.0 = Debug|ARM
		{4D63F758-FE9C-45B8-8745-68442832D93F}.Debug|ARM.Deploy.0 = Debug|ARM
		{4D63F758-FE9C-45B8-8745-68442832D93F}.Debug|x64.ActiveCfg = Debug|x64
		{4D63F758-FE9C-45B8-8745-68442832D93F}.Debug|x64.Build.0 = Debug|x64
		{4D63F758-FE9C-45B8-8745-68442832D93F}.Debug|x64.Deploy.0 = Debug|x64
		{4D63F758-FE9C-45B8-8745-68442832D93F}.Debug|x86.ActiveCfg = Debug|x86
		{4D63F758-FE9C-45B8-8745-68442832D93F}.Debug|x86.Build.0 = Debug|x86
		{4D63F758-FE9C-45B8-8745-68442832D93F}.Debug|x86.Deploy.0 = Debug|x86
		{4D63F758-FE9C-45B8-8745-68442832D93F}.Release|Any CPU.ActiveCfg = Release|x86
		{4D63F758-FE9C-45B8-8745-68442832D93F}.Release|ARM.ActiveCfg = Release|ARM
		{4D63F758-FE9C-45B8-8745-68442832D93F}.Release|ARM.Build.0 = Release|ARM
		{4D63F758-FE9C-45B8-8745-68442832D93F}.Release|ARM.Deploy.0 = Release|ARM
		{4D63F758-FE9C-45B8-8745-68442832D93F}.Release|x64.ActiveCfg = Release|x64
		{4D63F758-FE9C-45B8-8745-68442832D93F}.Release|x64.Build.0 = Release|x64
		{4D63F758-FE9C-45B8-8745-68442832D93F}.Release|x64.Deploy.0 = Release|x64
		{4D63F758-FE9C-45B8-8745-68442832D93F}.Release|x86.ActiveCfg = Release|x86
		{4D63F758-FE9C-45B8-8745-68442832D93F}.Release|x86.Build.0 = Release|x86
		{4D63F758-FE9C-45B8-8745-68442832D93F}.Release|x86.Deploy.0 = Release|x86
		{D4B3CEB0-A0E2-4F85-9695-263B451729B2}.Debug|Any CPU.ActiveCfg = Debug|x86
		{D4B3CEB0-A0E2-4F85-9695-263B451729B2}.Debug|ARM.ActiveCfg = Debug|ARM
		{D4B3CEB0-A0E2-4F85-9695-263B451729B2}.Debug|ARM.Build.0 = Debug|ARM
		{D4B3CEB0-A0E2-4F85-9695-263B451729B2}.Debug|ARM.Deploy.0 = Debug|ARM
		{D4B3CEB0-A0E2-4F85-9695-263B451729B2}.Debug|x64.ActiveCfg = Debug|x64
		{D4B3CEB0-A0E2-4F85-9695-263B451729B2}.Debug|x64.Build.0 = Debug|x64
		{D4B3CEB0-A0E2-4F85-9695-263B451729B2}.Debug|x64.Deploy.0 = Debug|x64
		{D4B3CEB0-A0E2-4F85-9695-263B451729B2}.Debug|x86.ActiveCfg = Debug|x86
		{D4B3CEB0-A0E2-4F85-9695-263B451729B2}.Debug|x86.Build.0 = Debug|x86
		{D4B3CEB0-A0E2-4F85-9695-263B451729B2}.Debug|x86.Deploy.0 = Debug|x86
		{D4B3CEB0-A0E2-4F85-9695-263B451729B2}.Release|Any CPU.ActiveCfg = Release|x86
		{D4B3CEB0-A0E2-4F85-9695-263B451729B2}.Release|ARM.ActiveCfg = Release|ARM
		{D4B3CEB0-A0E2-4F85-9695-263B451729B2}.Release|ARM.Build.0 = Release|ARM
		{D4B3CEB0-A0E2-4F85-9695-263B451729B2}.Release|ARM.Deploy.0 = Release|ARM
		{D4B3CEB0-A0E2-4F85-9695-263B451729B2}.Release|x64.ActiveCfg = Release|x64
		{D4B3CEB0-A0E2-4F85-9695-263B451729B2}.Release|x64.Build.0 = Release|x64
		{D4B3CEB0-A0E2-4F85-9695-263B451729B2}.Release|x64.Deploy.0 = Release|x64
		{D4B3CEB0-A0E2-4F85-9695-263B451729B2}.Release|x86.ActiveCfg = Release|x86
		{D4B3CEB0-A0E2-4F85-9695-263B451729B2}.Release|x86.Build.0 = Release|x86
		{D4B3CEB0-A0E2-4F85-9695-263B451729B2}.Release|x86.Deploy.0 = Release|x86
	EndGlobalSection
	GlobalSection(SolutionProperties) = preSolution
		HideSolutionNode = FALSE
	EndGlobalSection
EndGlobal
